
Microsoft Visual Studio Solution File, Format Version 12.00
# Visual Studio Version 16
VisualStudioVersion = 16.0.29920.165
MinimumVisualStudioVersion = 10.0.40219.1
Project("{FAE04EC0-301F-11D3-BF4B-00C04F79EFBC}") = "DemoAppConsole", "DemoAppConsole\DemoAppConsole.csproj", "{36CC04E3-F341-4CF8-A5E3-174641B66AE8}"
EndProject
Project("{FAE04EC0-301F-11D3-BF4B-00C04F79EFBC}") = "Module03TP", "ConsoleApp1\Module03TP.csproj", "{54936843-CC0C-4C59-8999-75EE91231172}"
EndProject
Project("{FAE04EC0-301F-11D3-BF4B-00C04F79EFBC}") = "Module05TP01", "Module05TP01\Module05TP01.csproj", "{2821102B-5C50-4B37-B327-327BE2C6EAA6}"
EndProject
Project("{FAE04EC0-301F-11D3-BF4B-00C04F79EFBC}") = "Module05TP02", "Module05TP02\Module05TP02.csproj", "{5CA5E35D-B4AD-408A-A360-320B0E4D59B7}"
EndProject
Project("{FAE04EC0-301F-11D3-BF4B-00C04F79EFBC}") = "PizzaEntities", "PizzaEntities\PizzaEntities.csproj", "{6066EAAA-6025-49BC-A1F3-FC6447C42CD9}"
EndProject
Project("{FAE04EC0-301F-11D3-BF4B-00C04F79EFBC}") = "Module05TP03", "Module05TP03\Module05TP03.csproj", "{8C2221D1-E99E-409D-BAFC-24CCC6819866}"
EndProject
Project("{FAE04EC0-301F-11D3-BF4B-00C04F79EFBC}") = "DojoBO", "DojoBO\DojoBO.csproj", "{0BBA0441-0AB7-4112-946B-521C9CEC7367}"
EndProject
Project("{FAE04EC0-301F-11D3-BF4B-00C04F79EFBC}") = "Module06TP01", "Module06TP01\Module06TP01.csproj", "{6D6D74A4-A601-4A2D-A10E-0A9791753A67}"
EndProject
Project("{FAE04EC0-301F-11D3-BF4B-00C04F79EFBC}") = "Module06TP02", "Module06TP02\Module06TP02.csproj", "{87126DC3-D45F-485B-8F29-D5046B90CB21}"
EndProject
Global
	GlobalSection(SolutionConfigurationPlatforms) = preSolution
		Debug|Any CPU = Debug|Any CPU
		Release|Any CPU = Release|Any CPU
	EndGlobalSection
	GlobalSection(ProjectConfigurationPlatforms) = postSolution
		{36CC04E3-F341-4CF8-A5E3-174641B66AE8}.Debug|Any CPU.ActiveCfg = Debug|Any CPU
		{36CC04E3-F341-4CF8-A5E3-174641B66AE8}.Debug|Any CPU.Build.0 = Debug|Any CPU
		{36CC04E3-F341-4CF8-A5E3-174641B66AE8}.Release|Any CPU.ActiveCfg = Release|Any CPU
		{36CC04E3-F341-4CF8-A5E3-174641B66AE8}.Release|Any CPU.Build.0 = Release|Any CPU
		{54936843-CC0C-4C59-8999-75EE91231172}.Debug|Any CPU.ActiveCfg = Debug|Any CPU
		{54936843-CC0C-4C59-8999-75EE91231172}.Debug|Any CPU.Build.0 = Debug|Any CPU
		{54936843-CC0C-4C59-8999-75EE91231172}.Release|Any CPU.ActiveCfg = Release|Any CPU
		{54936843-CC0C-4C59-8999-75EE91231172}.Release|Any CPU.Build.0 = Release|Any CPU
		{2821102B-5C50-4B37-B327-327BE2C6EAA6}.Debug|Any CPU.ActiveCfg = Debug|Any CPU
		{2821102B-5C50-4B37-B327-327BE2C6EAA6}.Debug|Any CPU.Build.0 = Debug|Any CPU
		{2821102B-5C50-4B37-B327-327BE2C6EAA6}.Release|Any CPU.ActiveCfg = Release|Any CPU
		{2821102B-5C50-4B37-B327-327BE2C6EAA6}.Release|Any CPU.Build.0 = Release|Any CPU
		{5CA5E35D-B4AD-408A-A360-320B0E4D59B7}.Debug|Any CPU.ActiveCfg = Debug|Any CPU
		{5CA5E35D-B4AD-408A-A360-320B0E4D59B7}.Debug|Any CPU.Build.0 = Debug|Any CPU
		{5CA5E35D-B4AD-408A-A360-320B0E4D59B7}.Release|Any CPU.ActiveCfg = Release|Any CPU
		{5CA5E35D-B4AD-408A-A360-320B0E4D59B7}.Release|Any CPU.Build.0 = Release|Any CPU
		{6066EAAA-6025-49BC-A1F3-FC6447C42CD9}.Debug|Any CPU.ActiveCfg = Debug|Any CPU
		{6066EAAA-6025-49BC-A1F3-FC6447C42CD9}.Debug|Any CPU.Build.0 = Debug|Any CPU
		{6066EAAA-6025-49BC-A1F3-FC6447C42CD9}.Release|Any CPU.ActiveCfg = Release|Any CPU
		{6066EAAA-6025-49BC-A1F3-FC6447C42CD9}.Release|Any CPU.Build.0 = Release|Any CPU
		{8C2221D1-E99E-409D-BAFC-24CCC6819866}.Debug|Any CPU.ActiveCfg = Debug|Any CPU
		{8C2221D1-E99E-409D-BAFC-24CCC6819866}.Debug|Any CPU.Build.0 = Debug|Any CPU
		{8C2221D1-E99E-409D-BAFC-24CCC6819866}.Release|Any CPU.ActiveCfg = Release|Any CPU
		{8C2221D1-E99E-409D-BAFC-24CCC6819866}.Release|Any CPU.Build.0 = Release|Any CPU
		{0BBA0441-0AB7-4112-946B-521C9CEC7367}.Debug|Any CPU.ActiveCfg = Debug|Any CPU
		{0BBA0441-0AB7-4112-946B-521C9CEC7367}.Debug|Any CPU.Build.0 = Debug|Any CPU
		{0BBA0441-0AB7-4112-946B-521C9CEC7367}.Release|Any CPU.ActiveCfg = Release|Any CPU
		{0BBA0441-0AB7-4112-946B-521C9CEC7367}.Release|Any CPU.Build.0 = Release|Any CPU
		{6D6D74A4-A601-4A2D-A10E-0A9791753A67}.Debug|Any CPU.ActiveCfg = Debug|Any CPU
		{6D6D74A4-A601-4A2D-A10E-0A9791753A67}.Debug|Any CPU.Build.0 = Debug|Any CPU
		{6D6D74A4-A601-4A2D-A10E-0A9791753A67}.Release|Any CPU.ActiveCfg = Release|Any CPU
		{6D6D74A4-A601-4A2D-A10E-0A9791753A67}.Release|Any CPU.Build.0 = Release|Any CPU
		{87126DC3-D45F-485B-8F29-D5046B90CB21}.Debug|Any CPU.ActiveCfg = Debug|Any CPU
		{87126DC3-D45F-485B-8F29-D5046B90CB21}.Debug|Any CPU.Build.0 = Debug|Any CPU
		{87126DC3-D45F-485B-8F29-D5046B90CB21}.Release|Any CPU.ActiveCfg = Release|Any CPU
		{87126DC3-D45F-485B-8F29-D5046B90CB21}.Release|Any CPU.Build.0 = Release|Any CPU
	EndGlobalSection
	GlobalSection(SolutionProperties) = preSolution
		HideSolutionNode = FALSE
	EndGlobalSection
	GlobalSection(ExtensibilityGlobals) = postSolution
		SolutionGuid = {A5FC1F90-0FC8-4C7E-B4A4-E0E6766A4400}
	EndGlobalSection
EndGlobal
